{
  "name": "17-ins_npm",
  "version": "1.0.0",
  "lockfileVersion": 2,
  "requires": true,
  "packages": {
    "": {
      "name": "17-ins_npm",
      "version": "1.0.0",
      "license": "ISC",
      "dependencies": {
        "badmath": "^1.0.1"
      }
    },
    "node_modules/badmath": {
      "version": "1.0.1",
      "resolved": "https://registry.npmjs.org/badmath/-/badmath-1.0.1.tgz",
      "integrity": "sha512-ATOBZGXXerApNHdYcBn1K5kJCzFmCYmjRdiM2gtc+k/dEoduJsM60HF24p7Y3O4Q0G0tC1dFkc84t+aKnP+Hmg=="
    }
  },
  "dependencies": {
    "badmath": {
      "version": "1.0.1",
      "resolved": "https://registry.npmjs.org/badmath/-/badmath-1.0.1.tgz",
      "integrity": "sha512-ATOBZGXXerApNHdYcBn1K5kJCzFmCYmjRdiM2gtc+k/dEoduJsM60HF24p7Y3O4Q0G0tC1dFkc84t+aKnP+Hmg=="
    }
  }
}
